
Microsoft Visual Studio Solution File, Format Version 12.00
# Visual Studio Version 16
VisualStudioVersion = 16.0.30804.86
MinimumVisualStudioVersion = 10.0.40219.1
Project("{9A19103F-16F7-4668-BE54-9A1E7A4F7556}") = "IdentityServer4Samples", "IdentityServer4Samples.csproj", "{F4D2BA0D-B731-4834-9299-45A8E607D59D}"
EndProject
Project("{9A19103F-16F7-4668-BE54-9A1E7A4F7556}") = "IdentityServer4WebApi", "Clients\IdentityServer4WebApi\IdentityServer4WebApi.csproj", "{ACDE3951-A838-4D4E-8395-3FC5ACEA8DD8}"
EndProject
Project("{9A19103F-16F7-4668-BE54-9A1E7A4F7556}") = "IdentityServer4Mvc", "Clients\IdentityServer4Mvc\IdentityServer4Mvc.csproj", "{CFC7BA05-2688-40AA-B8BB-5ED82CD0755F}"
EndProject
Global
	GlobalSection(SolutionConfigurationPlatforms) = preSolution
		Debug|Any CPU = Debug|Any CPU
		Release|Any CPU = Release|Any CPU
	EndGlobalSection
	GlobalSection(ProjectConfigurationPlatforms) = postSolution
		{F4D2BA0D-B731-4834-9299-45A8E607D59D}.Debug|Any CPU.ActiveCfg = Debug|Any CPU
		{F4D2BA0D-B731-4834-9299-45A8E607D59D}.Debug|Any CPU.Build.0 = Debug|Any CPU
		{F4D2BA0D-B731-4834-9299-45A8E607D59D}.Release|Any CPU.ActiveCfg = Release|Any CPU
		{F4D2BA0D-B731-4834-9299-45A8E607D59D}.Release|Any CPU.Build.0 = Release|Any CPU
		{ACDE3951-A838-4D4E-8395-3FC5ACEA8DD8}.Debug|Any CPU.ActiveCfg = Debug|Any CPU
		{ACDE3951-A838-4D4E-8395-3FC5ACEA8DD8}.Debug|Any CPU.Build.0 = Debug|Any CPU
		{ACDE3951-A838-4D4E-8395-3FC5ACEA8DD8}.Release|Any CPU.ActiveCfg = Release|Any CPU
		{ACDE3951-A838-4D4E-8395-3FC5ACEA8DD8}.Release|Any CPU.Build.0 = Release|Any CPU
		{CFC7BA05-2688-40AA-B8BB-5ED82CD0755F}.Debug|Any CPU.ActiveCfg = Debug|Any CPU
		{CFC7BA05-2688-40AA-B8BB-5ED82CD0755F}.Debug|Any CPU.Build.0 = Debug|Any CPU
		{CFC7BA05-2688-40AA-B8BB-5ED82CD0755F}.Release|Any CPU.ActiveCfg = Release|Any CPU
		{CFC7BA05-2688-40AA-B8BB-5ED82CD0755F}.Release|Any CPU.Build.0 = Release|Any CPU
	EndGlobalSection
	GlobalSection(SolutionProperties) = preSolution
		HideSolutionNode = FALSE
	EndGlobalSection
	GlobalSection(ExtensibilityGlobals) = postSolution
		SolutionGuid = {C25256BD-FCF9-412F-BCF9-053EA2D85408}
	EndGlobalSection
EndGlobal
